// !$*UTF8*$!
{
	archiveVersion = 1;
	classes = {
	};
	objectVersion = 46;
	objects = {

/* Begin PBXBuildFile section */
		856CDA191B8C5E9300EDC916 /* main.m in Sources */ = {isa = PBXBuildFile; fileRef = 856CDA181B8C5E9300EDC916 /* main.m */; };
		856CDA1C1B8C5E9300EDC916 /* AppDelegate.m in Sources */ = {isa = PBXBuildFile; fileRef = 856CDA1B1B8C5E9300EDC916 /* AppDelegate.m */; };
		856CDA1F1B8C5E9300EDC916 /* ViewController.m in Sources */ = {isa = PBXBuildFile; fileRef = 856CDA1E1B8C5E9300EDC916 /* ViewController.m */; };
		856CDA221B8C5E9300EDC916 /* Main.storyboard in Resources */ = {isa = PBXBuildFile; fileRef = 856CDA201B8C5E9300EDC916 /* Main.storyboard */; };
		856CDA241B8C5E9300EDC916 /* Images.xcassets in Resources */ = {isa = PBXBuildFile; fileRef = 856CDA231B8C5E9300EDC916 /* Images.xcassets */; };
		856CDA271B8C5E9300EDC916 /* LaunchScreen.xib in Resources */ = {isa = PBXBuildFile; fileRef = 856CDA251B8C5E9300EDC916 /* LaunchScreen.xib */; };
		856CDA331B8C5E9300EDC916 /* Demo03_GithubTests.m in Sources */ = {isa = PBXBuildFile; fileRef = 856CDA321B8C5E9300EDC916 /* Demo03_GithubTests.m */; };
/* End PBXBuildFile section */

/* Begin PBXContainerItemProxy section */
		856CDA2D1B8C5E9300EDC916 /* PBXContainerItemProxy */ = {
			isa = PBXContainerItemProxy;
			containerPortal = 856CDA0B1B8C5E9300EDC916 /* Project object */;
			proxyType = 1;
			remoteGlobalIDString = 856CDA121B8C5E9300EDC916;
			remoteInfo = Demo03_Github;
		};
/* End PBXContainerItemProxy section */

/* Begin PBXFileReference section */
		856CDA131B8C5E9300EDC916 /* Demo03_Github.app */ = {isa = PBXFileReference; explicitFileType = wrapper.application; includeInIndex = 0; path = Demo03_Github.app; sourceTree = BUILT_PRODUCTS_DIR; };
		856CDA171B8C5E9300EDC916 /* Info.plist */ = {isa = PBXFileReference; lastKnownFileType = text.plist.xml; path = Info.plist; sourceTree = "<group>"; };
		856CDA181B8C5E9300EDC916 /* main.m */ = {isa = PBXFileReference; lastKnownFileType = sourcecode.c.objc; path = main.m; sourceTree = "<group>"; };
		856CDA1A1B8C5E9300EDC916 /* AppDelegate.h */ = {isa = PBXFileReference; lastKnownFileType = sourcecode.c.h; path = AppDelegate.h; sourceTree = "<group>"; };
		856CDA1B1B8C5E9300EDC916 /* AppDelegate.m */ = {isa = PBXFileReference; lastKnownFileType = sourcecode.c.objc; path = AppDelegate.m; sourceTree = "<group>"; };
		856CDA1D1B8C5E9300EDC916 /* ViewController.h */ = {isa = PBXFileReference; lastKnownFileType = sourcecode.c.h; path = ViewController.h; sourceTree = "<group>"; };
		856CDA1E1B8C5E9300EDC916 /* ViewController.m */ = {isa = PBXFileReference; lastKnownFileType = sourcecode.c.objc; path = ViewController.m; sourceTree = "<group>"; };
		856CDA211B8C5E9300EDC916 /* Base */ = {isa = PBXFileReference; lastKnownFileType = file.storyboard; name = Base; path = Base.lproj/Main.storyboard; sourceTree = "<group>"; };
		856CDA231B8C5E9300EDC916 /* Images.xcassets */ = {isa = PBXFileReference; lastKnownFileType = folder.assetcatalog; path = Images.xcassets; sourceTree = "<group>"; };
		856CDA261B8C5E9300EDC916 /* Base */ = {isa = PBXFileReference; lastKnownFileType = file.xib; name = Base; path = Base.lproj/LaunchScreen.xib; sourceTree = "<group>"; };
		856CDA2C1B8C5E9300EDC916 /* Demo03_GithubTests.xctest */ = {isa = PBXFileReference; explicitFileType = wrapper.cfbundle; includeInIndex = 0; path = Demo03_GithubTests.xctest; sourceTree = BUILT_PRODUCTS_DIR; };
		856CDA311B8C5E9300EDC916 /* Info.plist */ = {isa = PBXFileReference; lastKnownFileType = text.plist.xml; path = Info.plist; sourceTree = "<group>"; };
		856CDA321B8C5E9300EDC916 /* Demo03_GithubTests.m */ = {isa = PBXFileReference; lastKnownFileType = sourcecode.c.objc; path = Demo03_GithubTests.m; sourceTree = "<group>"; };
/* End PBXFileReference section */

/* Begin PBXFrameworksBuildPhase section */
		856CDA101B8C5E9300EDC916 /* Frameworks */ = {
			isa = PBXFrameworksBuildPhase;
			buildActionMask = 2147483647;
			files = (
			);
			runOnlyForDeploymentPostprocessing = 0;
		};
		856CDA291B8C5E9300EDC916 /* Frameworks */ = {
			isa = PBXFrameworksBuildPhase;
			buildActionMask = 2147483647;
			files = (
			);
			runOnlyForDeploymentPostprocessing = 0;
		};
/* End PBXFrameworksBuildPhase section */

/* Begin PBXGroup section */
		856CDA0A1B8C5E9300EDC916 = {
			isa = PBXGroup;
			children = (
				856CDA151B8C5E9300EDC916 /* Demo03_Github */,
				856CDA2F1B8C5E9300EDC916 /* Demo03_GithubTests */,
				856CDA141B8C5E9300EDC916 /* Products */,
			);
			sourceTree = "<group>";
		};
		856CDA141B8C5E9300EDC916 /* Products */ = {
			isa = PBXGroup;
			children = (
				856CDA131B8C5E9300EDC916 /* Demo03_Github.app */,
				856CDA2C1B8C5E9300EDC916 /* Demo03_GithubTests.xctest */,
			);
			name = Products;
			sourceTree = "<group>";
		};
		856CDA151B8C5E9300EDC916 /* Demo03_Github */ = {
			isa = PBXGroup;
			children = (
				856CDA1A1B8C5E9300EDC916 /* AppDelegate.h */,
				856CDA1B1B8C5E9300EDC916 /* AppDelegate.m */,
				856CDA1D1B8C5E9300EDC916 /* ViewController.h */,
				856CDA1E1B8C5E9300EDC916 /* ViewController.m */,
				856CDA201B8C5E9300EDC916 /* Main.storyboard */,
				856CDA231B8C5E9300EDC916 /* Images.xcassets */,
				856CDA251B8C5E9300EDC916 /* LaunchScreen.xib */,
				856CDA161B8C5E9300EDC916 /* Supporting Files */,
			);
			path = Demo03_Github;
			sourceTree = "<group>";
		};
		856CDA161B8C5E9300EDC916 /* Supporting Files */ = {
			isa = PBXGroup;
			children = (
				856CDA171B8C5E9300EDC916 /* Info.plist */,
				856CDA181B8C5E9300EDC916 /* main.m */,
			);
			name = "Supporting Files";
			sourceTree = "<group>";
		};
		856CDA2F1B8C5E9300EDC916 /* Demo03_GithubTests */ = {
			isa = PBXGroup;
			children = (
				856CDA321B8C5E9300EDC916 /* Demo03_GithubTests.m */,
				856CDA301B8C5E9300EDC916 /* Supporting Files */,
			);
			path = Demo03_GithubTests;
			sourceTree = "<group>";
		};
		856CDA301B8C5E9300EDC916 /* Supporting Files */ = {
			isa = PBXGroup;
			children = (
				856CDA311B8C5E9300EDC916 /* Info.plist */,
			);
			name = "Supporting Files";
			sourceTree = "<group>";
		};
/* End PBXGroup section */

/* Begin PBXNativeTarget section */
		856CDA121B8C5E9300EDC916 /* Demo03_Github */ = {
			isa = PBXNativeTarget;
			buildConfigurationList = 856CDA361B8C5E9300EDC916 /* Build configuration list for PBXNativeTarget "Demo03_Github" */;
			buildPhases = (
				856CDA0F1B8C5E9300EDC916 /* Sources */,
				856CDA101B8C5E9300EDC916 /* Frameworks */,
				856CDA111B8C5E9300EDC916 /* Resources */,
			);
			buildRules = (
			);
			dependencies = (
			);
			name = Demo03_Github;
			productName = Demo03_Github;
			productReference = 856CDA131B8C5E9300EDC916 /* Demo03_Github.app */;
			productType = "com.apple.product-type.application";
		};
		856CDA2B1B8C5E9300EDC916 /* Demo03_GithubTests */ = {
			isa = PBXNativeTarget;
			buildConfigurationList = 856CDA391B8C5E9300EDC916 /* Build configuration list for PBXNativeTarget "Demo03_GithubTests" */;
			buildPhases = (
				856CDA281B8C5E9300EDC916 /* Sources */,
				856CDA291B8C5E9300EDC916 /* Frameworks */,
				856CDA2A1B8C5E9300EDC916 /* Resources */,
			);
			buildRules = (
			);
			dependencies = (
				856CDA2E1B8C5E9300EDC916 /* PBXTargetDependency */,
			);
			name = Demo03_GithubTests;
			productName = Demo03_GithubTests;
			productReference = 856CDA2C1B8C5E9300EDC916 /* Demo03_GithubTests.xctest */;
			productType = "com.apple.product-type.bundle.unit-test";
		};
/* End PBXNativeTarget section */

/* Begin PBXProject section */
		856CDA0B1B8C5E9300EDC916 /* Project object */ = {
			isa = PBXProject;
			attributes = {
				LastUpgradeCheck = 0630;
				ORGANIZATIONNAME = tarena;
				TargetAttributes = {
					856CDA121B8C5E9300EDC916 = {
						CreatedOnToolsVersion = 6.3;
					};
					856CDA2B1B8C5E9300EDC916 = {
						CreatedOnToolsVersion = 6.3;
						TestTargetID = 856CDA121B8C5E9300EDC916;
					};
				};
			};
			buildConfigurationList = 856CDA0E1B8C5E9300EDC916 /* Build configuration list for PBXProject "Demo03_Github" */;
			compatibilityVersion = "Xcode 3.2";
			developmentRegion = English;
			hasScannedForEncodings = 0;
			knownRegions = (
				en,
				Base,
			);
			mainGroup = 856CDA0A1B8C5E9300EDC916;
			productRefGroup = 856CDA141B8C5E9300EDC916 /* Products */;
			projectDirPath = "";
			projectRoot = "";
			targets = (
				856CDA121B8C5E9300EDC916 /* Demo03_Github */,
				856CDA2B1B8C5E9300EDC916 /* Demo03_GithubTests */,
			);
		};
/* End PBXProject section */

/* Begin PBXResourcesBuildPhase section */
		856CDA111B8C5E9300EDC916 /* Resources */ = {
			isa = PBXResourcesBuildPhase;
			buildActionMask = 2147483647;
			files = (
				856CDA221B8C5E9300EDC916 /* Main.storyboard in Resources */,
				856CDA271B8C5E9300EDC916 /* LaunchScreen.xib in Resources */,
				856CDA241B8C5E9300EDC916 /* Images.xcassets in Resources */,
			);
			runOnlyForDeploymentPostprocessing = 0;
		};
		856CDA2A1B8C5E9300EDC916 /* Resources */ = {
			isa = PBXResourcesBuildPhase;
			buildActionMask = 2147483647;
			files = (
			);
			runOnlyForDeploymentPostprocessing = 0;
		};
/* End PBXResourcesBuildPhase section */

/* Begin PBXSourcesBuildPhase section */
		856CDA0F1B8C5E9300EDC916 /* Sources */ = {
			isa = PBXSourcesBuildPhase;
			buildActionMask = 2147483647;
			files = (
				856CDA1F1B8C5E9300EDC916 /* ViewController.m in Sources */,
				856CDA1C1B8C5E9300EDC916 /* AppDelegate.m in Sources */,
				856CDA191B8C5E9300EDC916 /* main.m in Sources */,
			);
			runOnlyForDeploymentPostprocessing = 0;
		};
		856CDA281B8C5E9300EDC916 /* Sources */ = {
			isa = PBXSourcesBuildPhase;
			buildActionMask = 2147483647;
			files = (
				856CDA331B8C5E9300EDC916 /* Demo03_GithubTests.m in Sources */,
			);
			runOnlyForDeploymentPostprocessing = 0;
		};
/* End PBXSourcesBuildPhase section */

/* Begin PBXTargetDependency section */
		856CDA2E1B8C5E9300EDC916 /* PBXTargetDependency */ = {
			isa = PBXTargetDependency;
			target = 856CDA121B8C5E9300EDC916 /* Demo03_Github */;
			targetProxy = 856CDA2D1B8C5E9300EDC916 /* PBXContainerItemProxy */;
		};
/* End PBXTargetDependency section */

/* Begin PBXVariantGroup section */
		856CDA201B8C5E9300EDC916 /* Main.storyboard */ = {
			isa = PBXVariantGroup;
			children = (
				856CDA211B8C5E9300EDC916 /* Base */,
			);
			name = Main.storyboard;
			sourceTree = "<group>";
		};
		856CDA251B8C5E9300EDC916 /* LaunchScreen.xib */ = {
			isa = PBXVariantGroup;
			children = (
				856CDA261B8C5E9300EDC916 /* Base */,
			);
			name = LaunchScreen.xib;
			sourceTree = "<group>";
		};
/* End PBXVariantGroup section */

/* Begin XCBuildConfiguration section */
		856CDA341B8C5E9300EDC916 /* Debug */ = {
			isa = XCBuildConfiguration;
			buildSettings = {
				ALWAYS_SEARCH_USER_PATHS = NO;
				CLANG_CXX_LANGUAGE_STANDARD = "gnu++0x";
				CLANG_CXX_LIBRARY = "libc++";
				CLANG_ENABLE_MODULES = YES;
				CLANG_ENABLE_OBJC_ARC = YES;
				CLANG_WARN_BOOL_CONVERSION = YES;
				CLANG_WARN_CONSTANT_CONVERSION = YES;
				CLANG_WARN_DIRECT_OBJC_ISA_USAGE = YES_ERROR;
				CLANG_WARN_EMPTY_BODY = YES;
				CLANG_WARN_ENUM_CONVERSION = YES;
				CLANG_WARN_INT_CONVERSION = YES;
				CLANG_WARN_OBJC_ROOT_CLASS = YES_ERROR;
				CLANG_WARN_UNREACHABLE_CODE = YES;
				CLANG_WARN__DUPLICATE_METHOD_MATCH = YES;
				"CODE_SIGN_IDENTITY[sdk=iphoneos*]" = "iPhone Developer";
				COPY_PHASE_STRIP = NO;
				DEBUG_INFORMATION_FORMAT = "dwarf-with-dsym";
				ENABLE_STRICT_OBJC_MSGSEND = YES;
				GCC_C_LANGUAGE_STANDARD = gnu99;
				GCC_DYNAMIC_NO_PIC = NO;
				GCC_NO_COMMON_BLOCKS = YES;
				GCC_OPTIMIZATION_LEVEL = 0;
				GCC_PREPROCESSOR_DEFINITIONS = (
					"DEBUG=1",
					"$(inherited)",
				);
				GCC_SYMBOLS_PRIVATE_EXTERN = NO;
				GCC_WARN_64_TO_32_BIT_CONVERSION = YES;
				GCC_WARN_ABOUT_RETURN_TYPE = YES_ERROR;
				GCC_WARN_UNDECLARED_SELECTOR = YES;
				GCC_WARN_UNINITIALIZED_AUTOS = YES_AGGRESSIVE;
				GCC_WARN_UNUSED_FUNCTION = YES;
				GCC_WARN_UNUSED_VARIABLE = YES;
				IPHONEOS_DEPLOYMENT_TARGET = 8.3;
				MTL_ENABLE_DEBUG_INFO = YES;
				ONLY_ACTIVE_ARCH = YES;
				SDKROOT = iphoneos;
			};
			name = Debug;
		};
		856CDA351B8C5E9300EDC916 /* Release */ = {
			isa = XCBuildConfiguration;
			buildSettings = {
				ALWAYS_SEARCH_USER_PATHS = NO;
				CLANG_CXX_LANGUAGE_STANDARD = "gnu++0x";
				CLANG_CXX_LIBRARY = "libc++";
				CLANG_ENABLE_MODULES = YES;
				CLANG_ENABLE_OBJC_ARC = YES;
				CLANG_WARN_BOOL_CONVERSION = YES;
				CLANG_WARN_CONSTANT_CONVERSION = YES;
				CLANG_WARN_DIRECT_OBJC_ISA_USAGE = YES_ERROR;
				CLANG_WARN_EMPTY_BODY = YES;
				CLANG_WARN_ENUM_CONVERSION = YES;
				CLANG_WARN_INT_CONVERSION = YES;
				CLANG_WARN_OBJC_ROOT_CLASS = YES_ERROR;
				CLANG_WARN_UNREACHABLE_CODE = YES;
				CLANG_WARN__DUPLICATE_METHOD_MATCH = YES;
				"CODE_SIGN_IDENTITY[sdk=iphoneos*]" = "iPhone Developer";
				COPY_PHASE_STRIP = NO;
				DEBUG_INFORMATION_FORMAT = "dwarf-with-dsym";
				ENABLE_NS_ASSERTIONS = NO;
				ENABLE_STRICT_OBJC_MSGSEND = YES;
				GCC_C_LANGUAGE_STANDARD = gnu99;
				GCC_NO_COMMON_BLOCKS = YES;
				GCC_WARN_64_TO_32_BIT_CONVERSION = YES;
				GCC_WARN_ABOUT_RETURN_TYPE = YES_ERROR;
				GCC_WARN_UNDECLARED_SELECTOR = YES;
				GCC_WARN_UNINITIALIZED_AUTOS = YES_AGGRESSIVE;
				GCC_WARN_UNUSED_FUNCTION = YES;
				GCC_WARN_UNUSED_VARIABLE = YES;
				IPHONEOS_DEPLOYMENT_TARGET = 8.3;
				MTL_ENABLE_DEBUG_INFO = NO;
				SDKROOT = iphoneos;
				VALIDATE_PRODUCT = YES;
			};
			name = Release;
		};
		856CDA371B8C5E9300EDC916 /* Debug */ = {
			isa = XCBuildConfiguration;
			buildSettings = {
				ASSETCATALOG_COMPILER_APPICON_NAME = AppIcon;
				INFOPLIST_FILE = Demo03_Github/Info.plist;
				LD_RUNPATH_SEARCH_PATHS = "$(inherited) @executable_path/Frameworks";
				PRODUCT_NAME = "$(TARGET_NAME)";
			};
			name = Debug;
		};
		856CDA381B8C5E9300EDC916 /* Release */ = {
			isa = XCBuildConfiguration;
			buildSettings = {
				ASSETCATALOG_COMPILER_APPICON_NAME = AppIcon;
				INFOPLIST_FILE = Demo03_Github/Info.plist;
				LD_RUNPATH_SEARCH_PATHS = "$(inherited) @executable_path/Frameworks";
				PRODUCT_NAME = "$(TARGET_NAME)";
			};
			name = Release;
		};
		856CDA3A1B8C5E9300EDC916 /* Debug */ = {
			isa = XCBuildConfiguration;
			buildSettings = {
				BUNDLE_LOADER = "$(TEST_HOST)";
				FRAMEWORK_SEARCH_PATHS = (
					"$(SDKROOT)/Developer/Library/Frameworks",
					"$(inherited)",
				);
				GCC_PREPROCESSOR_DEFINITIONS = (
					"DEBUG=1",
					"$(inherited)",
				);
				INFOPLIST_FILE = Demo03_GithubTests/Info.plist;
				LD_RUNPATH_SEARCH_PATHS = "$(inherited) @executable_path/Frameworks @loader_path/Frameworks";
				PRODUCT_NAME = "$(TARGET_NAME)";
				TEST_HOST = "$(BUILT_PRODUCTS_DIR)/Demo03_Github.app/Demo03_Github";
			};
			name = Debug;
		};
		856CDA3B1B8C5E9300EDC916 /* Release */ = {
			isa = XCBuildConfiguration;
			buildSettings = {
				BUNDLE_LOADER = "$(TEST_HOST)";
				FRAMEWORK_SEARCH_PATHS = (
					"$(SDKROOT)/Developer/Library/Frameworks",
					"$(inherited)",
				);
				INFOPLIST_FILE = Demo03_GithubTests/Info.plist;
				LD_RUNPATH_SEARCH_PATHS = "$(inherited) @executable_path/Frameworks @loader_path/Frameworks";
				PRODUCT_NAME = "$(TARGET_NAME)";
				TEST_HOST = "$(BUILT_PRODUCTS_DIR)/Demo03_Github.app/Demo03_Github";
			};
			name = Release;
		};
/* End XCBuildConfiguration section */

/* Begin XCConfigurationList section */
		856CDA0E1B8C5E9300EDC916 /* Build configuration list for PBXProject "Demo03_Github" */ = {
			isa = XCConfigurationList;
			buildConfigurations = (
				856CDA341B8C5E9300EDC916 /* Debug */,
				856CDA351B8C5E9300EDC916 /* Release */,
			);
			defaultConfigurationIsVisible = 0;
			defaultConfigurationName = Release;
		};
		856CDA361B8C5E9300EDC916 /* Build configuration list for PBXNativeTarget "Demo03_Github" */ = {
			isa = XCConfigurationList;
			buildConfigurations = (
				856CDA371B8C5E9300EDC916 /* Debug */,
				856CDA381B8C5E9300EDC916 /* Release */,
			);
			defaultConfigurationIsVisible = 0;
		};
		856CDA391B8C5E9300EDC916 /* Build configuration list for PBXNativeTarget "Demo03_GithubTests" */ = {
			isa = XCConfigurationList;
			buildConfigurations = (
				856CDA3A1B8C5E9300EDC916 /* Debug */,
				856CDA3B1B8C5E9300EDC916 /* Release */,
			);
			defaultConfigurationIsVisible = 0;
		};
/* End XCConfigurationList section */
	};
	rootObject = 856CDA0B1B8C5E9300EDC916 /* Project object */;
}
